{
  "name": "js-hello-world",
  "version": "1.0.6",
  "lockfileVersion": 1,
  "requires": true,
  "dependencies": {
    "@georgemohammad/npm-hello-world": {
      "version": "1.0.6",
      "resolved": "https://registry.npmjs.org/@georgemohammad/npm-hello-world/-/npm-hello-world-1.0.6.tgz",
      "integrity": "sha512-j7nCQ59LjTdsLvpanTgm9f6rdGqltr4qcI94Zmt8kJLneXmrgG/Aqr14DvSrnlFHvVSjNBylOcvJY3mqmSeDnw==",
      "requires": {
        "npm-hello-world": "^1.0.1"
      }
    },
    "npm-hello-world": {
      "version": "1.0.1",
      "resolved": "https://registry.npmjs.org/npm-hello-world/-/npm-hello-world-1.0.1.tgz",
      "integrity": "sha1-Axu3vyxToxjCdVd97pzyj4qdf08="
    }
  }
}
